// !$*UTF8*$!
{
	archiveVersion = 1;
	classes = {
	};
	objectVersion = 46;
	objects = {

/* Begin PBXBuildFile section */
		1AE27ED01AA6F28A00CC5314 /* AppDelegate.swift in Sources */ = {isa = PBXBuildFile; fileRef = 1AE27ECF1AA6F28A00CC5314 /* AppDelegate.swift */; };
		1AE27ED21AA6F28A00CC5314 /* ViewController.swift in Sources */ = {isa = PBXBuildFile; fileRef = 1AE27ED11AA6F28A00CC5314 /* ViewController.swift */; };
		1AE27ED51AA6F28A00CC5314 /* Main.storyboard in Resources */ = {isa = PBXBuildFile; fileRef = 1AE27ED31AA6F28A00CC5314 /* Main.storyboard */; };
		1AE27ED71AA6F28A00CC5314 /* Images.xcassets in Resources */ = {isa = PBXBuildFile; fileRef = 1AE27ED61AA6F28A00CC5314 /* Images.xcassets */; };
		1AE27EDA1AA6F28A00CC5314 /* LaunchScreen.xib in Resources */ = {isa = PBXBuildFile; fileRef = 1AE27ED81AA6F28A00CC5314 /* LaunchScreen.xib */; };
		1AE27EE61AA6F28A00CC5314 /* CustomTableViewCellsTests.swift in Sources */ = {isa = PBXBuildFile; fileRef = 1AE27EE51AA6F28A00CC5314 /* CustomTableViewCellsTests.swift */; };
		1AE27EF51AA6F2AB00CC5314 /* chrome.jpg in Resources */ = {isa = PBXBuildFile; fileRef = 1AE27EF01AA6F2AB00CC5314 /* chrome.jpg */; };
		1AE27EF61AA6F2AB00CC5314 /* firefox.jpg in Resources */ = {isa = PBXBuildFile; fileRef = 1AE27EF11AA6F2AB00CC5314 /* firefox.jpg */; };
		1AE27EF71AA6F2AB00CC5314 /* safari.jpg in Resources */ = {isa = PBXBuildFile; fileRef = 1AE27EF21AA6F2AB00CC5314 /* safari.jpg */; };
		1AE27EF81AA6F2AB00CC5314 /* internetexplorer.png in Resources */ = {isa = PBXBuildFile; fileRef = 1AE27EF31AA6F2AB00CC5314 /* internetexplorer.png */; };
		1AE27EF91AA6F2AB00CC5314 /* opera.jpg in Resources */ = {isa = PBXBuildFile; fileRef = 1AE27EF41AA6F2AB00CC5314 /* opera.jpg */; };
/* End PBXBuildFile section */

/* Begin PBXContainerItemProxy section */
		1AE27EE01AA6F28A00CC5314 /* PBXContainerItemProxy */ = {
			isa = PBXContainerItemProxy;
			containerPortal = 1AE27EC21AA6F28A00CC5314 /* Project object */;
			proxyType = 1;
			remoteGlobalIDString = 1AE27EC91AA6F28A00CC5314;
			remoteInfo = CustomTableViewCells;
		};
/* End PBXContainerItemProxy section */

/* Begin PBXFileReference section */
		1AE27ECA1AA6F28A00CC5314 /* CustomTableViewCells.app */ = {isa = PBXFileReference; explicitFileType = wrapper.application; includeInIndex = 0; path = CustomTableViewCells.app; sourceTree = BUILT_PRODUCTS_DIR; };
		1AE27ECE1AA6F28A00CC5314 /* Info.plist */ = {isa = PBXFileReference; lastKnownFileType = text.plist.xml; path = Info.plist; sourceTree = "<group>"; };
		1AE27ECF1AA6F28A00CC5314 /* AppDelegate.swift */ = {isa = PBXFileReference; lastKnownFileType = sourcecode.swift; path = AppDelegate.swift; sourceTree = "<group>"; };
		1AE27ED11AA6F28A00CC5314 /* ViewController.swift */ = {isa = PBXFileReference; lastKnownFileType = sourcecode.swift; path = ViewController.swift; sourceTree = "<group>"; };
		1AE27ED41AA6F28A00CC5314 /* Base */ = {isa = PBXFileReference; lastKnownFileType = file.storyboard; name = Base; path = Base.lproj/Main.storyboard; sourceTree = "<group>"; };
		1AE27ED61AA6F28A00CC5314 /* Images.xcassets */ = {isa = PBXFileReference; lastKnownFileType = folder.assetcatalog; path = Images.xcassets; sourceTree = "<group>"; };
		1AE27ED91AA6F28A00CC5314 /* Base */ = {isa = PBXFileReference; lastKnownFileType = file.xib; name = Base; path = Base.lproj/LaunchScreen.xib; sourceTree = "<group>"; };
		1AE27EDF1AA6F28A00CC5314 /* CustomTableViewCellsTests.xctest */ = {isa = PBXFileReference; explicitFileType = wrapper.cfbundle; includeInIndex = 0; path = CustomTableViewCellsTests.xctest; sourceTree = BUILT_PRODUCTS_DIR; };
		1AE27EE41AA6F28A00CC5314 /* Info.plist */ = {isa = PBXFileReference; lastKnownFileType = text.plist.xml; path = Info.plist; sourceTree = "<group>"; };
		1AE27EE51AA6F28A00CC5314 /* CustomTableViewCellsTests.swift */ = {isa = PBXFileReference; lastKnownFileType = sourcecode.swift; path = CustomTableViewCellsTests.swift; sourceTree = "<group>"; };
		1AE27EF01AA6F2AB00CC5314 /* chrome.jpg */ = {isa = PBXFileReference; lastKnownFileType = image.jpeg; path = chrome.jpg; sourceTree = "<group>"; };
		1AE27EF11AA6F2AB00CC5314 /* firefox.jpg */ = {isa = PBXFileReference; lastKnownFileType = image.jpeg; path = firefox.jpg; sourceTree = "<group>"; };
		1AE27EF21AA6F2AB00CC5314 /* safari.jpg */ = {isa = PBXFileReference; lastKnownFileType = image.jpeg; path = safari.jpg; sourceTree = "<group>"; };
		1AE27EF31AA6F2AB00CC5314 /* internetexplorer.png */ = {isa = PBXFileReference; lastKnownFileType = image.png; path = internetexplorer.png; sourceTree = "<group>"; };
		1AE27EF41AA6F2AB00CC5314 /* opera.jpg */ = {isa = PBXFileReference; lastKnownFileType = image.jpeg; path = opera.jpg; sourceTree = "<group>"; };
/* End PBXFileReference section */

/* Begin PBXFrameworksBuildPhase section */
		1AE27EC71AA6F28A00CC5314 /* Frameworks */ = {
			isa = PBXFrameworksBuildPhase;
			buildActionMask = 2147483647;
			files = (
			);
			runOnlyForDeploymentPostprocessing = 0;
		};
		1AE27EDC1AA6F28A00CC5314 /* Frameworks */ = {
			isa = PBXFrameworksBuildPhase;
			buildActionMask = 2147483647;
			files = (
			);
			runOnlyForDeploymentPostprocessing = 0;
		};
/* End PBXFrameworksBuildPhase section */

/* Begin PBXGroup section */
		1AE27EC11AA6F28A00CC5314 = {
			isa = PBXGroup;
			children = (
				1AE27ECC1AA6F28A00CC5314 /* CustomTableViewCells */,
				1AE27EE21AA6F28A00CC5314 /* CustomTableViewCellsTests */,
				1AE27ECB1AA6F28A00CC5314 /* Products */,
			);
			sourceTree = "<group>";
		};
		1AE27ECB1AA6F28A00CC5314 /* Products */ = {
			isa = PBXGroup;
			children = (
				1AE27ECA1AA6F28A00CC5314 /* CustomTableViewCells.app */,
				1AE27EDF1AA6F28A00CC5314 /* CustomTableViewCellsTests.xctest */,
			);
			name = Products;
			sourceTree = "<group>";
		};
		1AE27ECC1AA6F28A00CC5314 /* CustomTableViewCells */ = {
			isa = PBXGroup;
			children = (
				1AE27EEF1AA6F29500CC5314 /* Images */,
				1AE27ECF1AA6F28A00CC5314 /* AppDelegate.swift */,
				1AE27ED11AA6F28A00CC5314 /* ViewController.swift */,
				1AE27ED31AA6F28A00CC5314 /* Main.storyboard */,
				1AE27ED61AA6F28A00CC5314 /* Images.xcassets */,
				1AE27ED81AA6F28A00CC5314 /* LaunchScreen.xib */,
				1AE27ECD1AA6F28A00CC5314 /* Supporting Files */,
			);
			path = CustomTableViewCells;
			sourceTree = "<group>";
		};
		1AE27ECD1AA6F28A00CC5314 /* Supporting Files */ = {
			isa = PBXGroup;
			children = (
				1AE27ECE1AA6F28A00CC5314 /* Info.plist */,
			);
			name = "Supporting Files";
			sourceTree = "<group>";
		};
		1AE27EE21AA6F28A00CC5314 /* CustomTableViewCellsTests */ = {
			isa = PBXGroup;
			children = (
				1AE27EE51AA6F28A00CC5314 /* CustomTableViewCellsTests.swift */,
				1AE27EE31AA6F28A00CC5314 /* Supporting Files */,
			);
			path = CustomTableViewCellsTests;
			sourceTree = "<group>";
		};
		1AE27EE31AA6F28A00CC5314 /* Supporting Files */ = {
			isa = PBXGroup;
			children = (
				1AE27EE41AA6F28A00CC5314 /* Info.plist */,
			);
			name = "Supporting Files";
			sourceTree = "<group>";
		};
		1AE27EEF1AA6F29500CC5314 /* Images */ = {
			isa = PBXGroup;
			children = (
				1AE27EF01AA6F2AB00CC5314 /* chrome.jpg */,
				1AE27EF11AA6F2AB00CC5314 /* firefox.jpg */,
				1AE27EF21AA6F2AB00CC5314 /* safari.jpg */,
				1AE27EF31AA6F2AB00CC5314 /* internetexplorer.png */,
				1AE27EF41AA6F2AB00CC5314 /* opera.jpg */,
			);
			name = Images;
			sourceTree = "<group>";
		};
/* End PBXGroup section */

/* Begin PBXNativeTarget section */
		1AE27EC91AA6F28A00CC5314 /* CustomTableViewCells */ = {
			isa = PBXNativeTarget;
			buildConfigurationList = 1AE27EE91AA6F28A00CC5314 /* Build configuration list for PBXNativeTarget "CustomTableViewCells" */;
			buildPhases = (
				1AE27EC61AA6F28A00CC5314 /* Sources */,
				1AE27EC71AA6F28A00CC5314 /* Frameworks */,
				1AE27EC81AA6F28A00CC5314 /* Resources */,
			);
			buildRules = (
			);
			dependencies = (
			);
			name = CustomTableViewCells;
			productName = CustomTableViewCells;
			productReference = 1AE27ECA1AA6F28A00CC5314 /* CustomTableViewCells.app */;
			productType = "com.apple.product-type.application";
		};
		1AE27EDE1AA6F28A00CC5314 /* CustomTableViewCellsTests */ = {
			isa = PBXNativeTarget;
			buildConfigurationList = 1AE27EEC1AA6F28A00CC5314 /* Build configuration list for PBXNativeTarget "CustomTableViewCellsTests" */;
			buildPhases = (
				1AE27EDB1AA6F28A00CC5314 /* Sources */,
				1AE27EDC1AA6F28A00CC5314 /* Frameworks */,
				1AE27EDD1AA6F28A00CC5314 /* Resources */,
			);
			buildRules = (
			);
			dependencies = (
				1AE27EE11AA6F28A00CC5314 /* PBXTargetDependency */,
			);
			name = CustomTableViewCellsTests;
			productName = CustomTableViewCellsTests;
			productReference = 1AE27EDF1AA6F28A00CC5314 /* CustomTableViewCellsTests.xctest */;
			productType = "com.apple.product-type.bundle.unit-test";
		};
/* End PBXNativeTarget section */

/* Begin PBXProject section */
		1AE27EC21AA6F28A00CC5314 /* Project object */ = {
			isa = PBXProject;
			attributes = {
				LastUpgradeCheck = 0610;
				ORGANIZATIONNAME = "James Pang";
				TargetAttributes = {
					1AE27EC91AA6F28A00CC5314 = {
						CreatedOnToolsVersion = 6.1.1;
					};
					1AE27EDE1AA6F28A00CC5314 = {
						CreatedOnToolsVersion = 6.1.1;
						TestTargetID = 1AE27EC91AA6F28A00CC5314;
					};
				};
			};
			buildConfigurationList = 1AE27EC51AA6F28A00CC5314 /* Build configuration list for PBXProject "CustomTableViewCells" */;
			compatibilityVersion = "Xcode 3.2";
			developmentRegion = English;
			hasScannedForEncodings = 0;
			knownRegions = (
				en,
				Base,
			);
			mainGroup = 1AE27EC11AA6F28A00CC5314;
			productRefGroup = 1AE27ECB1AA6F28A00CC5314 /* Products */;
			projectDirPath = "";
			projectRoot = "";
			targets = (
				1AE27EC91AA6F28A00CC5314 /* CustomTableViewCells */,
				1AE27EDE1AA6F28A00CC5314 /* CustomTableViewCellsTests */,
			);
		};
/* End PBXProject section */

/* Begin PBXResourcesBuildPhase section */
		1AE27EC81AA6F28A00CC5314 /* Resources */ = {
			isa = PBXResourcesBuildPhase;
			buildActionMask = 2147483647;
			files = (
				1AE27EF81AA6F2AB00CC5314 /* internetexplorer.png in Resources */,
				1AE27EF61AA6F2AB00CC5314 /* firefox.jpg in Resources */,
				1AE27EF71AA6F2AB00CC5314 /* safari.jpg in Resources */,
				1AE27ED51AA6F28A00CC5314 /* Main.storyboard in Resources */,
				1AE27EDA1AA6F28A00CC5314 /* LaunchScreen.xib in Resources */,
				1AE27ED71AA6F28A00CC5314 /* Images.xcassets in Resources */,
				1AE27EF51AA6F2AB00CC5314 /* chrome.jpg in Resources */,
				1AE27EF91AA6F2AB00CC5314 /* opera.jpg in Resources */,
			);
			runOnlyForDeploymentPostprocessing = 0;
		};
		1AE27EDD1AA6F28A00CC5314 /* Resources */ = {
			isa = PBXResourcesBuildPhase;
			buildActionMask = 2147483647;
			files = (
			);
			runOnlyForDeploymentPostprocessing = 0;
		};
/* End PBXResourcesBuildPhase section */

/* Begin PBXSourcesBuildPhase section */
		1AE27EC61AA6F28A00CC5314 /* Sources */ = {
			isa = PBXSourcesBuildPhase;
			buildActionMask = 2147483647;
			files = (
				1AE27ED21AA6F28A00CC5314 /* ViewController.swift in Sources */,
				1AE27ED01AA6F28A00CC5314 /* AppDelegate.swift in Sources */,
			);
			runOnlyForDeploymentPostprocessing = 0;
		};
		1AE27EDB1AA6F28A00CC5314 /* Sources */ = {
			isa = PBXSourcesBuildPhase;
			buildActionMask = 2147483647;
			files = (
				1AE27EE61AA6F28A00CC5314 /* CustomTableViewCellsTests.swift in Sources */,
			);
			runOnlyForDeploymentPostprocessing = 0;
		};
/* End PBXSourcesBuildPhase section */

/* Begin PBXTargetDependency section */
		1AE27EE11AA6F28A00CC5314 /* PBXTargetDependency */ = {
			isa = PBXTargetDependency;
			target = 1AE27EC91AA6F28A00CC5314 /* CustomTableViewCells */;
			targetProxy = 1AE27EE01AA6F28A00CC5314 /* PBXContainerItemProxy */;
		};
/* End PBXTargetDependency section */

/* Begin PBXVariantGroup section */
		1AE27ED31AA6F28A00CC5314 /* Main.storyboard */ = {
			isa = PBXVariantGroup;
			children = (
				1AE27ED41AA6F28A00CC5314 /* Base */,
			);
			name = Main.storyboard;
			sourceTree = "<group>";
		};
		1AE27ED81AA6F28A00CC5314 /* LaunchScreen.xib */ = {
			isa = PBXVariantGroup;
			children = (
				1AE27ED91AA6F28A00CC5314 /* Base */,
			);
			name = LaunchScreen.xib;
			sourceTree = "<group>";
		};
/* End PBXVariantGroup section */

/* Begin XCBuildConfiguration section */
		1AE27EE71AA6F28A00CC5314 /* Debug */ = {
			isa = XCBuildConfiguration;
			buildSettings = {
				ALWAYS_SEARCH_USER_PATHS = NO;
				CLANG_CXX_LANGUAGE_STANDARD = "gnu++0x";
				CLANG_CXX_LIBRARY = "libc++";
				CLANG_ENABLE_MODULES = YES;
				CLANG_ENABLE_OBJC_ARC = YES;
				CLANG_WARN_BOOL_CONVERSION = YES;
				CLANG_WARN_CONSTANT_CONVERSION = YES;
				CLANG_WARN_DIRECT_OBJC_ISA_USAGE = YES_ERROR;
				CLANG_WARN_EMPTY_BODY = YES;
				CLANG_WARN_ENUM_CONVERSION = YES;
				CLANG_WARN_INT_CONVERSION = YES;
				CLANG_WARN_OBJC_ROOT_CLASS = YES_ERROR;
				CLANG_WARN_UNREACHABLE_CODE = YES;
				CLANG_WARN__DUPLICATE_METHOD_MATCH = YES;
				"CODE_SIGN_IDENTITY[sdk=iphoneos*]" = "iPhone Developer";
				COPY_PHASE_STRIP = NO;
				ENABLE_STRICT_OBJC_MSGSEND = YES;
				GCC_C_LANGUAGE_STANDARD = gnu99;
				GCC_DYNAMIC_NO_PIC = NO;
				GCC_OPTIMIZATION_LEVEL = 0;
				GCC_PREPROCESSOR_DEFINITIONS = (
					"DEBUG=1",
					"$(inherited)",
				);
				GCC_SYMBOLS_PRIVATE_EXTERN = NO;
				GCC_WARN_64_TO_32_BIT_CONVERSION = YES;
				GCC_WARN_ABOUT_RETURN_TYPE = YES_ERROR;
				GCC_WARN_UNDECLARED_SELECTOR = YES;
				GCC_WARN_UNINITIALIZED_AUTOS = YES_AGGRESSIVE;
				GCC_WARN_UNUSED_FUNCTION = YES;
				GCC_WARN_UNUSED_VARIABLE = YES;
				IPHONEOS_DEPLOYMENT_TARGET = 8.1;
				MTL_ENABLE_DEBUG_INFO = YES;
				ONLY_ACTIVE_ARCH = YES;
				SDKROOT = iphoneos;
				SWIFT_OPTIMIZATION_LEVEL = "-Onone";
				TARGETED_DEVICE_FAMILY = "1,2";
			};
			name = Debug;
		};
		1AE27EE81AA6F28A00CC5314 /* Release */ = {
			isa = XCBuildConfiguration;
			buildSettings = {
				ALWAYS_SEARCH_USER_PATHS = NO;
				CLANG_CXX_LANGUAGE_STANDARD = "gnu++0x";
				CLANG_CXX_LIBRARY = "libc++";
				CLANG_ENABLE_MODULES = YES;
				CLANG_ENABLE_OBJC_ARC = YES;
				CLANG_WARN_BOOL_CONVERSION = YES;
				CLANG_WARN_CONSTANT_CONVERSION = YES;
				CLANG_WARN_DIRECT_OBJC_ISA_USAGE = YES_ERROR;
				CLANG_WARN_EMPTY_BODY = YES;
				CLANG_WARN_ENUM_CONVERSION = YES;
				CLANG_WARN_INT_CONVERSION = YES;
				CLANG_WARN_OBJC_ROOT_CLASS = YES_ERROR;
				CLANG_WARN_UNREACHABLE_CODE = YES;
				CLANG_WARN__DUPLICATE_METHOD_MATCH = YES;
				"CODE_SIGN_IDENTITY[sdk=iphoneos*]" = "iPhone Developer";
				COPY_PHASE_STRIP = YES;
				ENABLE_NS_ASSERTIONS = NO;
				ENABLE_STRICT_OBJC_MSGSEND = YES;
				GCC_C_LANGUAGE_STANDARD = gnu99;
				GCC_WARN_64_TO_32_BIT_CONVERSION = YES;
				GCC_WARN_ABOUT_RETURN_TYPE = YES_ERROR;
				GCC_WARN_UNDECLARED_SELECTOR = YES;
				GCC_WARN_UNINITIALIZED_AUTOS = YES_AGGRESSIVE;
				GCC_WARN_UNUSED_FUNCTION = YES;
				GCC_WARN_UNUSED_VARIABLE = YES;
				IPHONEOS_DEPLOYMENT_TARGET = 8.1;
				MTL_ENABLE_DEBUG_INFO = NO;
				SDKROOT = iphoneos;
				TARGETED_DEVICE_FAMILY = "1,2";
				VALIDATE_PRODUCT = YES;
			};
			name = Release;
		};
		1AE27EEA1AA6F28A00CC5314 /* Debug */ = {
			isa = XCBuildConfiguration;
			buildSettings = {
				ASSETCATALOG_COMPILER_APPICON_NAME = AppIcon;
				INFOPLIST_FILE = CustomTableViewCells/Info.plist;
				LD_RUNPATH_SEARCH_PATHS = "$(inherited) @executable_path/Frameworks";
				PRODUCT_NAME = "$(TARGET_NAME)";
			};
			name = Debug;
		};
		1AE27EEB1AA6F28A00CC5314 /* Release */ = {
			isa = XCBuildConfiguration;
			buildSettings = {
				ASSETCATALOG_COMPILER_APPICON_NAME = AppIcon;
				INFOPLIST_FILE = CustomTableViewCells/Info.plist;
				LD_RUNPATH_SEARCH_PATHS = "$(inherited) @executable_path/Frameworks";
				PRODUCT_NAME = "$(TARGET_NAME)";
			};
			name = Release;
		};
		1AE27EED1AA6F28A00CC5314 /* Debug */ = {
			isa = XCBuildConfiguration;
			buildSettings = {
				BUNDLE_LOADER = "$(TEST_HOST)";
				FRAMEWORK_SEARCH_PATHS = (
					"$(SDKROOT)/Developer/Library/Frameworks",
					"$(inherited)",
				);
				GCC_PREPROCESSOR_DEFINITIONS = (
					"DEBUG=1",
					"$(inherited)",
				);
				INFOPLIST_FILE = CustomTableViewCellsTests/Info.plist;
				LD_RUNPATH_SEARCH_PATHS = "$(inherited) @executable_path/Frameworks @loader_path/Frameworks";
				PRODUCT_NAME = "$(TARGET_NAME)";
				TEST_HOST = "$(BUILT_PRODUCTS_DIR)/CustomTableViewCells.app/CustomTableViewCells";
			};
			name = Debug;
		};
		1AE27EEE1AA6F28A00CC5314 /* Release */ = {
			isa = XCBuildConfiguration;
			buildSettings = {
				BUNDLE_LOADER = "$(TEST_HOST)";
				FRAMEWORK_SEARCH_PATHS = (
					"$(SDKROOT)/Developer/Library/Frameworks",
					"$(inherited)",
				);
				INFOPLIST_FILE = CustomTableViewCellsTests/Info.plist;
				LD_RUNPATH_SEARCH_PATHS = "$(inherited) @executable_path/Frameworks @loader_path/Frameworks";
				PRODUCT_NAME = "$(TARGET_NAME)";
				TEST_HOST = "$(BUILT_PRODUCTS_DIR)/CustomTableViewCells.app/CustomTableViewCells";
			};
			name = Release;
		};
/* End XCBuildConfiguration section */

/* Begin XCConfigurationList section */
		1AE27EC51AA6F28A00CC5314 /* Build configuration list for PBXProject "CustomTableViewCells" */ = {
			isa = XCConfigurationList;
			buildConfigurations = (
				1AE27EE71AA6F28A00CC5314 /* Debug */,
				1AE27EE81AA6F28A00CC5314 /* Release */,
			);
			defaultConfigurationIsVisible = 0;
			defaultConfigurationName = Release;
		};
		1AE27EE91AA6F28A00CC5314 /* Build configuration list for PBXNativeTarget "CustomTableViewCells" */ = {
			isa = XCConfigurationList;
			buildConfigurations = (
				1AE27EEA1AA6F28A00CC5314 /* Debug */,
				1AE27EEB1AA6F28A00CC5314 /* Release */,
			);
			defaultConfigurationIsVisible = 0;
		};
		1AE27EEC1AA6F28A00CC5314 /* Build configuration list for PBXNativeTarget "CustomTableViewCellsTests" */ = {
			isa = XCConfigurationList;
			buildConfigurations = (
				1AE27EED1AA6F28A00CC5314 /* Debug */,
				1AE27EEE1AA6F28A00CC5314 /* Release */,
			);
			defaultConfigurationIsVisible = 0;
		};
/* End XCConfigurationList section */
	};
	rootObject = 1AE27EC21AA6F28A00CC5314 /* Project object */;
}
